
Microsoft Visual Studio Solution File, Format Version 12.00
# Visual Studio Version 17
VisualStudioVersion = 17.12.35527.113 d17.12
MinimumVisualStudioVersion = 10.0.40219.1
Project("{2150E333-8FDC-42A3-9474-1A3956D46DE8}") = "src", "src", "{5D2E1909-C775-4C86-8FD2-EE24ECA40239}"
EndProject
Project("{2150E333-8FDC-42A3-9474-1A3956D46DE8}") = "tests", "tests", "{49E562F3-75AD-4E6C-AF92-E2BE2E674BE8}"
EndProject
Project("{2150E333-8FDC-42A3-9474-1A3956D46DE8}") = "API", "API", "{C9CA1C1C-EBA8-4492-9B40-3798E56AEF85}"
EndProject
Project("{2150E333-8FDC-42A3-9474-1A3956D46DE8}") = "Core", "Core", "{57B04E5B-6655-4EE5-8269-13A2F6A06E5D}"
EndProject
Project("{2150E333-8FDC-42A3-9474-1A3956D46DE8}") = "Infrastructure", "Infrastructure", "{166168B9-5935-45E2-8830-005B2033A134}"
EndProject
Project("{FAE04EC0-301F-11D3-BF4B-00C04F79EFBC}") = "TCM.Application", "TCM.Application\TCM.Application.csproj", "{8B2A02EF-7925-4245-890F-73CBBB570EEE}"
EndProject
Project("{FAE04EC0-301F-11D3-BF4B-00C04F79EFBC}") = "TCM.Domain", "TCM.Domain\TCM.Domain.csproj", "{949164ED-4BCA-4734-BAD9-1F7A8DF8CE03}"
EndProject
Project("{FAE04EC0-301F-11D3-BF4B-00C04F79EFBC}") = "TCM.Infrastructure", "TCM.Infrastructure\TCM.Infrastructure.csproj", "{B71A9F43-B4F5-4809-80EF-FEEE7BD277ED}"
EndProject
Project("{FAE04EC0-301F-11D3-BF4B-00C04F79EFBC}") = "TCM.Persistence", "TCM.Persistence\TCM.Persistence.csproj", "{252082DA-5584-414D-80AF-45A21FAE43AA}"
EndProject
Project("{FAE04EC0-301F-11D3-BF4B-00C04F79EFBC}") = "TCM.API", "TCM.API\TCM.API.csproj", "{2384C51F-B0EF-4B33-81F5-D02408FAEDD3}"
EndProject
Global
	GlobalSection(SolutionConfigurationPlatforms) = preSolution
		Debug|Any CPU = Debug|Any CPU
		Release|Any CPU = Release|Any CPU
	EndGlobalSection
	GlobalSection(ProjectConfigurationPlatforms) = postSolution
		{8B2A02EF-7925-4245-890F-73CBBB570EEE}.Debug|Any CPU.ActiveCfg = Debug|Any CPU
		{8B2A02EF-7925-4245-890F-73CBBB570EEE}.Debug|Any CPU.Build.0 = Debug|Any CPU
		{8B2A02EF-7925-4245-890F-73CBBB570EEE}.Release|Any CPU.ActiveCfg = Release|Any CPU
		{8B2A02EF-7925-4245-890F-73CBBB570EEE}.Release|Any CPU.Build.0 = Release|Any CPU
		{949164ED-4BCA-4734-BAD9-1F7A8DF8CE03}.Debug|Any CPU.ActiveCfg = Debug|Any CPU
		{949164ED-4BCA-4734-BAD9-1F7A8DF8CE03}.Debug|Any CPU.Build.0 = Debug|Any CPU
		{949164ED-4BCA-4734-BAD9-1F7A8DF8CE03}.Release|Any CPU.ActiveCfg = Release|Any CPU
		{949164ED-4BCA-4734-BAD9-1F7A8DF8CE03}.Release|Any CPU.Build.0 = Release|Any CPU
		{B71A9F43-B4F5-4809-80EF-FEEE7BD277ED}.Debug|Any CPU.ActiveCfg = Debug|Any CPU
		{B71A9F43-B4F5-4809-80EF-FEEE7BD277ED}.Debug|Any CPU.Build.0 = Debug|Any CPU
		{B71A9F43-B4F5-4809-80EF-FEEE7BD277ED}.Release|Any CPU.ActiveCfg = Release|Any CPU
		{B71A9F43-B4F5-4809-80EF-FEEE7BD277ED}.Release|Any CPU.Build.0 = Release|Any CPU
		{252082DA-5584-414D-80AF-45A21FAE43AA}.Debug|Any CPU.ActiveCfg = Debug|Any CPU
		{252082DA-5584-414D-80AF-45A21FAE43AA}.Debug|Any CPU.Build.0 = Debug|Any CPU
		{252082DA-5584-414D-80AF-45A21FAE43AA}.Release|Any CPU.ActiveCfg = Release|Any CPU
		{252082DA-5584-414D-80AF-45A21FAE43AA}.Release|Any CPU.Build.0 = Release|Any CPU
		{2384C51F-B0EF-4B33-81F5-D02408FAEDD3}.Debug|Any CPU.ActiveCfg = Debug|Any CPU
		{2384C51F-B0EF-4B33-81F5-D02408FAEDD3}.Debug|Any CPU.Build.0 = Debug|Any CPU
		{2384C51F-B0EF-4B33-81F5-D02408FAEDD3}.Release|Any CPU.ActiveCfg = Release|Any CPU
		{2384C51F-B0EF-4B33-81F5-D02408FAEDD3}.Release|Any CPU.Build.0 = Release|Any CPU
	EndGlobalSection
	GlobalSection(SolutionProperties) = preSolution
		HideSolutionNode = FALSE
	EndGlobalSection
	GlobalSection(NestedProjects) = preSolution
		{C9CA1C1C-EBA8-4492-9B40-3798E56AEF85} = {5D2E1909-C775-4C86-8FD2-EE24ECA40239}
		{57B04E5B-6655-4EE5-8269-13A2F6A06E5D} = {5D2E1909-C775-4C86-8FD2-EE24ECA40239}
		{166168B9-5935-45E2-8830-005B2033A134} = {5D2E1909-C775-4C86-8FD2-EE24ECA40239}
		{8B2A02EF-7925-4245-890F-73CBBB570EEE} = {57B04E5B-6655-4EE5-8269-13A2F6A06E5D}
		{949164ED-4BCA-4734-BAD9-1F7A8DF8CE03} = {57B04E5B-6655-4EE5-8269-13A2F6A06E5D}
		{B71A9F43-B4F5-4809-80EF-FEEE7BD277ED} = {166168B9-5935-45E2-8830-005B2033A134}
		{252082DA-5584-414D-80AF-45A21FAE43AA} = {166168B9-5935-45E2-8830-005B2033A134}
		{2384C51F-B0EF-4B33-81F5-D02408FAEDD3} = {C9CA1C1C-EBA8-4492-9B40-3798E56AEF85}
	EndGlobalSection
EndGlobal
